
Microsoft Visual Studio Solution File, Format Version 12.00
# Visual Studio 15
VisualStudioVersion = 15.0.28010.2041
MinimumVisualStudioVersion = 10.0.40219.1
Project("{FAE04EC0-301F-11D3-BF4B-00C04F79EFBC}") = "FitnessFrog", "FitnessFrog\FitnessFrog.csproj", "{A222D1E9-E09B-4734-8F01-A21CB7FBF415}"
EndProject
Global
	GlobalSection(SolutionConfigurationPlatforms) = preSolution
		Debug|Any CPU = Debug|Any CPU
		Release|Any CPU = Release|Any CPU
	EndGlobalSection
	GlobalSection(ProjectConfigurationPlatforms) = postSolution
		{A222D1E9-E09B-4734-8F01-A21CB7FBF415}.Debug|Any CPU.ActiveCfg = Debug|Any CPU
		{A222D1E9-E09B-4734-8F01-A21CB7FBF415}.Debug|Any CPU.Build.0 = Debug|Any CPU
		{A222D1E9-E09B-4734-8F01-A21CB7FBF415}.Release|Any CPU.ActiveCfg = Release|Any CPU
		{A222D1E9-E09B-4734-8F01-A21CB7FBF415}.Release|Any CPU.Build.0 = Release|Any CPU
	EndGlobalSection
	GlobalSection(SolutionProperties) = preSolution
		HideSolutionNode = FALSE
	EndGlobalSection
	GlobalSection(ExtensibilityGlobals) = postSolution
		SolutionGuid = {38E0B45E-D20E-4B82-835D-F1E4AE41D331}
	EndGlobalSection
EndGlobal
